
Microsoft Visual Studio Solution File, Format Version 12.00
# Visual Studio Version 17
VisualStudioVersion = 17.11.35219.272
MinimumVisualStudioVersion = 10.0.40219.1
Project("{FAE04EC0-301F-11D3-BF4B-00C04F79EFBC}") = "Test1", "Test1\Test1.csproj", "{6422C261-5898-49CD-827E-1562EC5E7358}"
EndProject
Global
	GlobalSection(SolutionConfigurationPlatforms) = preSolution
		Debug|Any CPU = Debug|Any CPU
		Release|Any CPU = Release|Any CPU
	EndGlobalSection
	GlobalSection(ProjectConfigurationPlatforms) = postSolution
		{6422C261-5898-49CD-827E-1562EC5E7358}.Debug|Any CPU.ActiveCfg = Debug|Any CPU
		{6422C261-5898-49CD-827E-1562EC5E7358}.Debug|Any CPU.Build.0 = Debug|Any CPU
		{6422C261-5898-49CD-827E-1562EC5E7358}.Release|Any CPU.ActiveCfg = Release|Any CPU
		{6422C261-5898-49CD-827E-1562EC5E7358}.Release|Any CPU.Build.0 = Release|Any CPU
	EndGlobalSection
	GlobalSection(SolutionProperties) = preSolution
		HideSolutionNode = FALSE
	EndGlobalSection
	GlobalSection(ExtensibilityGlobals) = postSolution
		SolutionGuid = {BD27C6C2-F659-496A-8BA9-19F86DD9B410}
	EndGlobalSection
EndGlobal
